
Microsoft Visual Studio Solution File, Format Version 12.00
# Visual Studio Version 17
VisualStudioVersion = 17.11.35312.102
MinimumVisualStudioVersion = 10.0.40219.1
Project("{FAE04EC0-301F-11D3-BF4B-00C04F79EFBC}") = "DesignPattern1", "DesignPattern1\DesignPattern1.csproj", "{A690085C-FEE8-4A04-A382-C5D052A630C6}"
EndProject
Global
	GlobalSection(SolutionConfigurationPlatforms) = preSolution
		Debug|Any CPU = Debug|Any CPU
		Release|Any CPU = Release|Any CPU
	EndGlobalSection
	GlobalSection(ProjectConfigurationPlatforms) = postSolution
		{A690085C-FEE8-4A04-A382-C5D052A630C6}.Debug|Any CPU.ActiveCfg = Debug|Any CPU
		{A690085C-FEE8-4A04-A382-C5D052A630C6}.Debug|Any CPU.Build.0 = Debug|Any CPU
		{A690085C-FEE8-4A04-A382-C5D052A630C6}.Release|Any CPU.ActiveCfg = Release|Any CPU
		{A690085C-FEE8-4A04-A382-C5D052A630C6}.Release|Any CPU.Build.0 = Release|Any CPU
	EndGlobalSection
	GlobalSection(SolutionProperties) = preSolution
		HideSolutionNode = FALSE
	EndGlobalSection
	GlobalSection(ExtensibilityGlobals) = postSolution
		SolutionGuid = {4C9128DD-6405-4786-B236-B24C5FDBE66B}
	EndGlobalSection
EndGlobal
